
Microsoft Visual Studio Solution File, Format Version 12.00
# Visual Studio Version 17
VisualStudioVersion = 17.2.32505.173
MinimumVisualStudioVersion = 10.0.40219.1
Project("{9A19103F-16F7-4668-BE54-9A1E7A4F7556}") = "GameStoreApp", "GameStoreApp\GameStoreApp.csproj", "{CAC2C445-67E9-429E-9084-403D36B4F1CE}"
EndProject
Project("{9A19103F-16F7-4668-BE54-9A1E7A4F7556}") = "Database", "ClassLibrary1\Database.csproj", "{D1C76B24-05F6-4D6C-89DA-F16AD80C3FF6}"
EndProject
Project("{9A19103F-16F7-4668-BE54-9A1E7A4F7556}") = "Application", "Application\Application.csproj", "{B98A56DD-B92E-4B11-AE8C-B816F90A1EEA}"
EndProject
Global
	GlobalSection(SolutionConfigurationPlatforms) = preSolution
		Debug|Any CPU = Debug|Any CPU
		Release|Any CPU = Release|Any CPU
	EndGlobalSection
	GlobalSection(ProjectConfigurationPlatforms) = postSolution
		{CAC2C445-67E9-429E-9084-403D36B4F1CE}.Debug|Any CPU.ActiveCfg = Debug|Any CPU
		{CAC2C445-67E9-429E-9084-403D36B4F1CE}.Debug|Any CPU.Build.0 = Debug|Any CPU
		{CAC2C445-67E9-429E-9084-403D36B4F1CE}.Release|Any CPU.ActiveCfg = Release|Any CPU
		{CAC2C445-67E9-429E-9084-403D36B4F1CE}.Release|Any CPU.Build.0 = Release|Any CPU
		{D1C76B24-05F6-4D6C-89DA-F16AD80C3FF6}.Debug|Any CPU.ActiveCfg = Debug|Any CPU
		{D1C76B24-05F6-4D6C-89DA-F16AD80C3FF6}.Debug|Any CPU.Build.0 = Debug|Any CPU
		{D1C76B24-05F6-4D6C-89DA-F16AD80C3FF6}.Release|Any CPU.ActiveCfg = Release|Any CPU
		{D1C76B24-05F6-4D6C-89DA-F16AD80C3FF6}.Release|Any CPU.Build.0 = Release|Any CPU
		{B98A56DD-B92E-4B11-AE8C-B816F90A1EEA}.Debug|Any CPU.ActiveCfg = Debug|Any CPU
		{B98A56DD-B92E-4B11-AE8C-B816F90A1EEA}.Debug|Any CPU.Build.0 = Debug|Any CPU
		{B98A56DD-B92E-4B11-AE8C-B816F90A1EEA}.Release|Any CPU.ActiveCfg = Release|Any CPU
		{B98A56DD-B92E-4B11-AE8C-B816F90A1EEA}.Release|Any CPU.Build.0 = Release|Any CPU
	EndGlobalSection
	GlobalSection(SolutionProperties) = preSolution
		HideSolutionNode = FALSE
	EndGlobalSection
	GlobalSection(ExtensibilityGlobals) = postSolution
		SolutionGuid = {96B1E96D-C5D6-4CD9-BE11-CE790C5CD92D}
	EndGlobalSection
EndGlobal
